
Microsoft Visual Studio Solution File, Format Version 12.00
# Visual Studio Version 16
VisualStudioVersion = 16.0.33214.272
MinimumVisualStudioVersion = 10.0.40219.1
Project("{FAE04EC0-301F-11D3-BF4B-00C04F79EFBC}") = "User+PassProject", "User+PassProject\User+PassProject.csproj", "{E7EA89A1-3C11-4EA5-8F2F-9E99B21EEEF3}"
EndProject
Global
	GlobalSection(SolutionConfigurationPlatforms) = preSolution
		Debug|Any CPU = Debug|Any CPU
		Release|Any CPU = Release|Any CPU
	EndGlobalSection
	GlobalSection(ProjectConfigurationPlatforms) = postSolution
		{E7EA89A1-3C11-4EA5-8F2F-9E99B21EEEF3}.Debug|Any CPU.ActiveCfg = Debug|Any CPU
		{E7EA89A1-3C11-4EA5-8F2F-9E99B21EEEF3}.Debug|Any CPU.Build.0 = Debug|Any CPU
		{E7EA89A1-3C11-4EA5-8F2F-9E99B21EEEF3}.Release|Any CPU.ActiveCfg = Release|Any CPU
		{E7EA89A1-3C11-4EA5-8F2F-9E99B21EEEF3}.Release|Any CPU.Build.0 = Release|Any CPU
	EndGlobalSection
	GlobalSection(SolutionProperties) = preSolution
		HideSolutionNode = FALSE
	EndGlobalSection
	GlobalSection(ExtensibilityGlobals) = postSolution
		SolutionGuid = {0459A715-8BA5-4DF1-B5C2-797273DC8839}
	EndGlobalSection
EndGlobal
